// !$*UTF8*$!
{
	archiveVersion = 1;
	classes = {
	};
	objectVersion = 46;
	objects = {

/* Begin PBXBuildFile section */
		7B45068A1B914C5E005FAC3C /* main.m in Sources */ = {isa = PBXBuildFile; fileRef = 7B4506891B914C5E005FAC3C /* main.m */; };
		7B45068D1B914C5E005FAC3C /* AppDelegate.m in Sources */ = {isa = PBXBuildFile; fileRef = 7B45068C1B914C5E005FAC3C /* AppDelegate.m */; };
		7B4506901B914C5E005FAC3C /* ViewController.m in Sources */ = {isa = PBXBuildFile; fileRef = 7B45068F1B914C5E005FAC3C /* ViewController.m */; };
		7B4506931B914C5E005FAC3C /* Main.storyboard in Resources */ = {isa = PBXBuildFile; fileRef = 7B4506911B914C5E005FAC3C /* Main.storyboard */; };
		7B4506951B914C5E005FAC3C /* Images.xcassets in Resources */ = {isa = PBXBuildFile; fileRef = 7B4506941B914C5E005FAC3C /* Images.xcassets */; };
		7B4506981B914C5E005FAC3C /* LaunchScreen.xib in Resources */ = {isa = PBXBuildFile; fileRef = 7B4506961B914C5E005FAC3C /* LaunchScreen.xib */; };
		7B4506A41B914C5E005FAC3C /* ApplePay_ExampleTests.m in Sources */ = {isa = PBXBuildFile; fileRef = 7B4506A31B914C5E005FAC3C /* ApplePay_ExampleTests.m */; };
/* End PBXBuildFile section */

/* Begin PBXContainerItemProxy section */
		7B45069E1B914C5E005FAC3C /* PBXContainerItemProxy */ = {
			isa = PBXContainerItemProxy;
			containerPortal = 7B45067C1B914C5E005FAC3C /* Project object */;
			proxyType = 1;
			remoteGlobalIDString = 7B4506831B914C5E005FAC3C;
			remoteInfo = "ApplePay-Example";
		};
/* End PBXContainerItemProxy section */

/* Begin PBXFileReference section */
		7B4506841B914C5E005FAC3C /* ApplePay-Example.app */ = {isa = PBXFileReference; explicitFileType = wrapper.application; includeInIndex = 0; path = "ApplePay-Example.app"; sourceTree = BUILT_PRODUCTS_DIR; };
		7B4506881B914C5E005FAC3C /* Info.plist */ = {isa = PBXFileReference; lastKnownFileType = text.plist.xml; path = Info.plist; sourceTree = "<group>"; };
		7B4506891B914C5E005FAC3C /* main.m */ = {isa = PBXFileReference; lastKnownFileType = sourcecode.c.objc; path = main.m; sourceTree = "<group>"; };
		7B45068B1B914C5E005FAC3C /* AppDelegate.h */ = {isa = PBXFileReference; lastKnownFileType = sourcecode.c.h; path = AppDelegate.h; sourceTree = "<group>"; };
		7B45068C1B914C5E005FAC3C /* AppDelegate.m */ = {isa = PBXFileReference; lastKnownFileType = sourcecode.c.objc; path = AppDelegate.m; sourceTree = "<group>"; };
		7B45068E1B914C5E005FAC3C /* ViewController.h */ = {isa = PBXFileReference; lastKnownFileType = sourcecode.c.h; path = ViewController.h; sourceTree = "<group>"; };
		7B45068F1B914C5E005FAC3C /* ViewController.m */ = {isa = PBXFileReference; lastKnownFileType = sourcecode.c.objc; path = ViewController.m; sourceTree = "<group>"; };
		7B4506921B914C5E005FAC3C /* Base */ = {isa = PBXFileReference; lastKnownFileType = file.storyboard; name = Base; path = Base.lproj/Main.storyboard; sourceTree = "<group>"; };
		7B4506941B914C5E005FAC3C /* Images.xcassets */ = {isa = PBXFileReference; lastKnownFileType = folder.assetcatalog; path = Images.xcassets; sourceTree = "<group>"; };
		7B4506971B914C5E005FAC3C /* Base */ = {isa = PBXFileReference; lastKnownFileType = file.xib; name = Base; path = Base.lproj/LaunchScreen.xib; sourceTree = "<group>"; };
		7B45069D1B914C5E005FAC3C /* ApplePay-ExampleTests.xctest */ = {isa = PBXFileReference; explicitFileType = wrapper.cfbundle; includeInIndex = 0; path = "ApplePay-ExampleTests.xctest"; sourceTree = BUILT_PRODUCTS_DIR; };
		7B4506A21B914C5E005FAC3C /* Info.plist */ = {isa = PBXFileReference; lastKnownFileType = text.plist.xml; path = Info.plist; sourceTree = "<group>"; };
		7B4506A31B914C5E005FAC3C /* ApplePay_ExampleTests.m */ = {isa = PBXFileReference; lastKnownFileType = sourcecode.c.objc; path = ApplePay_ExampleTests.m; sourceTree = "<group>"; };
/* End PBXFileReference section */

/* Begin PBXFrameworksBuildPhase section */
		7B4506811B914C5E005FAC3C /* Frameworks */ = {
			isa = PBXFrameworksBuildPhase;
			buildActionMask = 2147483647;
			files = (
			);
			runOnlyForDeploymentPostprocessing = 0;
		};
		7B45069A1B914C5E005FAC3C /* Frameworks */ = {
			isa = PBXFrameworksBuildPhase;
			buildActionMask = 2147483647;
			files = (
			);
			runOnlyForDeploymentPostprocessing = 0;
		};
/* End PBXFrameworksBuildPhase section */

/* Begin PBXGroup section */
		7B45067B1B914C5E005FAC3C = {
			isa = PBXGroup;
			children = (
				7B4506861B914C5E005FAC3C /* ApplePay-Example */,
				7B4506A01B914C5E005FAC3C /* ApplePay-ExampleTests */,
				7B4506851B914C5E005FAC3C /* Products */,
			);
			sourceTree = "<group>";
		};
		7B4506851B914C5E005FAC3C /* Products */ = {
			isa = PBXGroup;
			children = (
				7B4506841B914C5E005FAC3C /* ApplePay-Example.app */,
				7B45069D1B914C5E005FAC3C /* ApplePay-ExampleTests.xctest */,
			);
			name = Products;
			sourceTree = "<group>";
		};
		7B4506861B914C5E005FAC3C /* ApplePay-Example */ = {
			isa = PBXGroup;
			children = (
				7B45068B1B914C5E005FAC3C /* AppDelegate.h */,
				7B45068C1B914C5E005FAC3C /* AppDelegate.m */,
				7B45068E1B914C5E005FAC3C /* ViewController.h */,
				7B45068F1B914C5E005FAC3C /* ViewController.m */,
				7B4506911B914C5E005FAC3C /* Main.storyboard */,
				7B4506941B914C5E005FAC3C /* Images.xcassets */,
				7B4506961B914C5E005FAC3C /* LaunchScreen.xib */,
				7B4506871B914C5E005FAC3C /* Supporting Files */,
			);
			path = "ApplePay-Example";
			sourceTree = "<group>";
		};
		7B4506871B914C5E005FAC3C /* Supporting Files */ = {
			isa = PBXGroup;
			children = (
				7B4506881B914C5E005FAC3C /* Info.plist */,
				7B4506891B914C5E005FAC3C /* main.m */,
			);
			name = "Supporting Files";
			sourceTree = "<group>";
		};
		7B4506A01B914C5E005FAC3C /* ApplePay-ExampleTests */ = {
			isa = PBXGroup;
			children = (
				7B4506A31B914C5E005FAC3C /* ApplePay_ExampleTests.m */,
				7B4506A11B914C5E005FAC3C /* Supporting Files */,
			);
			path = "ApplePay-ExampleTests";
			sourceTree = "<group>";
		};
		7B4506A11B914C5E005FAC3C /* Supporting Files */ = {
			isa = PBXGroup;
			children = (
				7B4506A21B914C5E005FAC3C /* Info.plist */,
			);
			name = "Supporting Files";
			sourceTree = "<group>";
		};
/* End PBXGroup section */

/* Begin PBXNativeTarget section */
		7B4506831B914C5E005FAC3C /* ApplePay-Example */ = {
			isa = PBXNativeTarget;
			buildConfigurationList = 7B4506A71B914C5E005FAC3C /* Build configuration list for PBXNativeTarget "ApplePay-Example" */;
			buildPhases = (
				7B4506801B914C5E005FAC3C /* Sources */,
				7B4506811B914C5E005FAC3C /* Frameworks */,
				7B4506821B914C5E005FAC3C /* Resources */,
			);
			buildRules = (
			);
			dependencies = (
			);
			name = "ApplePay-Example";
			productName = "ApplePay-Example";
			productReference = 7B4506841B914C5E005FAC3C /* ApplePay-Example.app */;
			productType = "com.apple.product-type.application";
		};
		7B45069C1B914C5E005FAC3C /* ApplePay-ExampleTests */ = {
			isa = PBXNativeTarget;
			buildConfigurationList = 7B4506AA1B914C5E005FAC3C /* Build configuration list for PBXNativeTarget "ApplePay-ExampleTests" */;
			buildPhases = (
				7B4506991B914C5E005FAC3C /* Sources */,
				7B45069A1B914C5E005FAC3C /* Frameworks */,
				7B45069B1B914C5E005FAC3C /* Resources */,
			);
			buildRules = (
			);
			dependencies = (
				7B45069F1B914C5E005FAC3C /* PBXTargetDependency */,
			);
			name = "ApplePay-ExampleTests";
			productName = "ApplePay-ExampleTests";
			productReference = 7B45069D1B914C5E005FAC3C /* ApplePay-ExampleTests.xctest */;
			productType = "com.apple.product-type.bundle.unit-test";
		};
/* End PBXNativeTarget section */

/* Begin PBXProject section */
		7B45067C1B914C5E005FAC3C /* Project object */ = {
			isa = PBXProject;
			attributes = {
				LastUpgradeCheck = 0640;
				ORGANIZATIONNAME = "Jhonathan Wyterlin";
				TargetAttributes = {
					7B4506831B914C5E005FAC3C = {
						CreatedOnToolsVersion = 6.4;
						DevelopmentTeam = 4SYCR8M2FN;
					};
					7B45069C1B914C5E005FAC3C = {
						CreatedOnToolsVersion = 6.4;
						TestTargetID = 7B4506831B914C5E005FAC3C;
					};
				};
			};
			buildConfigurationList = 7B45067F1B914C5E005FAC3C /* Build configuration list for PBXProject "ApplePay-Example" */;
			compatibilityVersion = "Xcode 3.2";
			developmentRegion = English;
			hasScannedForEncodings = 0;
			knownRegions = (
				en,
				Base,
			);
			mainGroup = 7B45067B1B914C5E005FAC3C;
			productRefGroup = 7B4506851B914C5E005FAC3C /* Products */;
			projectDirPath = "";
			projectRoot = "";
			targets = (
				7B4506831B914C5E005FAC3C /* ApplePay-Example */,
				7B45069C1B914C5E005FAC3C /* ApplePay-ExampleTests */,
			);
		};
/* End PBXProject section */

/* Begin PBXResourcesBuildPhase section */
		7B4506821B914C5E005FAC3C /* Resources */ = {
			isa = PBXResourcesBuildPhase;
			buildActionMask = 2147483647;
			files = (
				7B4506931B914C5E005FAC3C /* Main.storyboard in Resources */,
				7B4506981B914C5E005FAC3C /* LaunchScreen.xib in Resources */,
				7B4506951B914C5E005FAC3C /* Images.xcassets in Resources */,
			);
			runOnlyForDeploymentPostprocessing = 0;
		};
		7B45069B1B914C5E005FAC3C /* Resources */ = {
			isa = PBXResourcesBuildPhase;
			buildActionMask = 2147483647;
			files = (
			);
			runOnlyForDeploymentPostprocessing = 0;
		};
/* End PBXResourcesBuildPhase section */

/* Begin PBXSourcesBuildPhase section */
		7B4506801B914C5E005FAC3C /* Sources */ = {
			isa = PBXSourcesBuildPhase;
			buildActionMask = 2147483647;
			files = (
				7B4506901B914C5E005FAC3C /* ViewController.m in Sources */,
				7B45068D1B914C5E005FAC3C /* AppDelegate.m in Sources */,
				7B45068A1B914C5E005FAC3C /* main.m in Sources */,
			);
			runOnlyForDeploymentPostprocessing = 0;
		};
		7B4506991B914C5E005FAC3C /* Sources */ = {
			isa = PBXSourcesBuildPhase;
			buildActionMask = 2147483647;
			files = (
				7B4506A41B914C5E005FAC3C /* ApplePay_ExampleTests.m in Sources */,
			);
			runOnlyForDeploymentPostprocessing = 0;
		};
/* End PBXSourcesBuildPhase section */

/* Begin PBXTargetDependency section */
		7B45069F1B914C5E005FAC3C /* PBXTargetDependency */ = {
			isa = PBXTargetDependency;
			target = 7B4506831B914C5E005FAC3C /* ApplePay-Example */;
			targetProxy = 7B45069E1B914C5E005FAC3C /* PBXContainerItemProxy */;
		};
/* End PBXTargetDependency section */

/* Begin PBXVariantGroup section */
		7B4506911B914C5E005FAC3C /* Main.storyboard */ = {
			isa = PBXVariantGroup;
			children = (
				7B4506921B914C5E005FAC3C /* Base */,
			);
			name = Main.storyboard;
			sourceTree = "<group>";
		};
		7B4506961B914C5E005FAC3C /* LaunchScreen.xib */ = {
			isa = PBXVariantGroup;
			children = (
				7B4506971B914C5E005FAC3C /* Base */,
			);
			name = LaunchScreen.xib;
			sourceTree = "<group>";
		};
/* End PBXVariantGroup section */

/* Begin XCBuildConfiguration section */
		7B4506A51B914C5E005FAC3C /* Debug */ = {
			isa = XCBuildConfiguration;
			buildSettings = {
				ALWAYS_SEARCH_USER_PATHS = NO;
				CLANG_CXX_LANGUAGE_STANDARD = "gnu++0x";
				CLANG_CXX_LIBRARY = "libc++";
				CLANG_ENABLE_MODULES = YES;
				CLANG_ENABLE_OBJC_ARC = YES;
				CLANG_WARN_BOOL_CONVERSION = YES;
				CLANG_WARN_CONSTANT_CONVERSION = YES;
				CLANG_WARN_DIRECT_OBJC_ISA_USAGE = YES_ERROR;
				CLANG_WARN_EMPTY_BODY = YES;
				CLANG_WARN_ENUM_CONVERSION = YES;
				CLANG_WARN_INT_CONVERSION = YES;
				CLANG_WARN_OBJC_ROOT_CLASS = YES_ERROR;
				CLANG_WARN_UNREACHABLE_CODE = YES;
				CLANG_WARN__DUPLICATE_METHOD_MATCH = YES;
				"CODE_SIGN_IDENTITY[sdk=iphoneos*]" = "iPhone Developer";
				COPY_PHASE_STRIP = NO;
				DEBUG_INFORMATION_FORMAT = "dwarf-with-dsym";
				ENABLE_STRICT_OBJC_MSGSEND = YES;
				GCC_C_LANGUAGE_STANDARD = gnu99;
				GCC_DYNAMIC_NO_PIC = NO;
				GCC_NO_COMMON_BLOCKS = YES;
				GCC_OPTIMIZATION_LEVEL = 0;
				GCC_PREPROCESSOR_DEFINITIONS = (
					"DEBUG=1",
					"$(inherited)",
				);
				GCC_SYMBOLS_PRIVATE_EXTERN = NO;
				GCC_WARN_64_TO_32_BIT_CONVERSION = YES;
				GCC_WARN_ABOUT_RETURN_TYPE = YES_ERROR;
				GCC_WARN_UNDECLARED_SELECTOR = YES;
				GCC_WARN_UNINITIALIZED_AUTOS = YES_AGGRESSIVE;
				GCC_WARN_UNUSED_FUNCTION = YES;
				GCC_WARN_UNUSED_VARIABLE = YES;
				IPHONEOS_DEPLOYMENT_TARGET = 8.4;
				MTL_ENABLE_DEBUG_INFO = YES;
				ONLY_ACTIVE_ARCH = YES;
				SDKROOT = iphoneos;
				TARGETED_DEVICE_FAMILY = "1,2";
			};
			name = Debug;
		};
		7B4506A61B914C5E005FAC3C /* Release */ = {
			isa = XCBuildConfiguration;
			buildSettings = {
				ALWAYS_SEARCH_USER_PATHS = NO;
				CLANG_CXX_LANGUAGE_STANDARD = "gnu++0x";
				CLANG_CXX_LIBRARY = "libc++";
				CLANG_ENABLE_MODULES = YES;
				CLANG_ENABLE_OBJC_ARC = YES;
				CLANG_WARN_BOOL_CONVERSION = YES;
				CLANG_WARN_CONSTANT_CONVERSION = YES;
				CLANG_WARN_DIRECT_OBJC_ISA_USAGE = YES_ERROR;
				CLANG_WARN_EMPTY_BODY = YES;
				CLANG_WARN_ENUM_CONVERSION = YES;
				CLANG_WARN_INT_CONVERSION = YES;
				CLANG_WARN_OBJC_ROOT_CLASS = YES_ERROR;
				CLANG_WARN_UNREACHABLE_CODE = YES;
				CLANG_WARN__DUPLICATE_METHOD_MATCH = YES;
				"CODE_SIGN_IDENTITY[sdk=iphoneos*]" = "iPhone Developer";
				COPY_PHASE_STRIP = NO;
				DEBUG_INFORMATION_FORMAT = "dwarf-with-dsym";
				ENABLE_NS_ASSERTIONS = NO;
				ENABLE_STRICT_OBJC_MSGSEND = YES;
				GCC_C_LANGUAGE_STANDARD = gnu99;
				GCC_NO_COMMON_BLOCKS = YES;
				GCC_WARN_64_TO_32_BIT_CONVERSION = YES;
				GCC_WARN_ABOUT_RETURN_TYPE = YES_ERROR;
				GCC_WARN_UNDECLARED_SELECTOR = YES;
				GCC_WARN_UNINITIALIZED_AUTOS = YES_AGGRESSIVE;
				GCC_WARN_UNUSED_FUNCTION = YES;
				GCC_WARN_UNUSED_VARIABLE = YES;
				IPHONEOS_DEPLOYMENT_TARGET = 8.4;
				MTL_ENABLE_DEBUG_INFO = NO;
				SDKROOT = iphoneos;
				TARGETED_DEVICE_FAMILY = "1,2";
				VALIDATE_PRODUCT = YES;
			};
			name = Release;
		};
		7B4506A81B914C5E005FAC3C /* Debug */ = {
			isa = XCBuildConfiguration;
			buildSettings = {
				ASSETCATALOG_COMPILER_APPICON_NAME = AppIcon;
				CODE_SIGN_IDENTITY = "iPhone Developer";
				INFOPLIST_FILE = "ApplePay-Example/Info.plist";
				LD_RUNPATH_SEARCH_PATHS = "$(inherited) @executable_path/Frameworks";
				PRODUCT_NAME = "$(TARGET_NAME)";
			};
			name = Debug;
		};
		7B4506A91B914C5E005FAC3C /* Release */ = {
			isa = XCBuildConfiguration;
			buildSettings = {
				ASSETCATALOG_COMPILER_APPICON_NAME = AppIcon;
				CODE_SIGN_IDENTITY = "iPhone Developer";
				INFOPLIST_FILE = "ApplePay-Example/Info.plist";
				LD_RUNPATH_SEARCH_PATHS = "$(inherited) @executable_path/Frameworks";
				PRODUCT_NAME = "$(TARGET_NAME)";
			};
			name = Release;
		};
		7B4506AB1B914C5E005FAC3C /* Debug */ = {
			isa = XCBuildConfiguration;
			buildSettings = {
				BUNDLE_LOADER = "$(TEST_HOST)";
				FRAMEWORK_SEARCH_PATHS = (
					"$(SDKROOT)/Developer/Library/Frameworks",
					"$(inherited)",
				);
				GCC_PREPROCESSOR_DEFINITIONS = (
					"DEBUG=1",
					"$(inherited)",
				);
				INFOPLIST_FILE = "ApplePay-ExampleTests/Info.plist";
				LD_RUNPATH_SEARCH_PATHS = "$(inherited) @executable_path/Frameworks @loader_path/Frameworks";
				PRODUCT_NAME = "$(TARGET_NAME)";
				TEST_HOST = "$(BUILT_PRODUCTS_DIR)/ApplePay-Example.app/ApplePay-Example";
			};
			name = Debug;
		};
		7B4506AC1B914C5E005FAC3C /* Release */ = {
			isa = XCBuildConfiguration;
			buildSettings = {
				BUNDLE_LOADER = "$(TEST_HOST)";
				FRAMEWORK_SEARCH_PATHS = (
					"$(SDKROOT)/Developer/Library/Frameworks",
					"$(inherited)",
				);
				INFOPLIST_FILE = "ApplePay-ExampleTests/Info.plist";
				LD_RUNPATH_SEARCH_PATHS = "$(inherited) @executable_path/Frameworks @loader_path/Frameworks";
				PRODUCT_NAME = "$(TARGET_NAME)";
				TEST_HOST = "$(BUILT_PRODUCTS_DIR)/ApplePay-Example.app/ApplePay-Example";
			};
			name = Release;
		};
/* End XCBuildConfiguration section */

/* Begin XCConfigurationList section */
		7B45067F1B914C5E005FAC3C /* Build configuration list for PBXProject "ApplePay-Example" */ = {
			isa = XCConfigurationList;
			buildConfigurations = (
				7B4506A51B914C5E005FAC3C /* Debug */,
				7B4506A61B914C5E005FAC3C /* Release */,
			);
			defaultConfigurationIsVisible = 0;
			defaultConfigurationName = Release;
		};
		7B4506A71B914C5E005FAC3C /* Build configuration list for PBXNativeTarget "ApplePay-Example" */ = {
			isa = XCConfigurationList;
			buildConfigurations = (
				7B4506A81B914C5E005FAC3C /* Debug */,
				7B4506A91B914C5E005FAC3C /* Release */,
			);
			defaultConfigurationIsVisible = 0;
			defaultConfigurationName = Release;
		};
		7B4506AA1B914C5E005FAC3C /* Build configuration list for PBXNativeTarget "ApplePay-ExampleTests" */ = {
			isa = XCConfigurationList;
			buildConfigurations = (
				7B4506AB1B914C5E005FAC3C /* Debug */,
				7B4506AC1B914C5E005FAC3C /* Release */,
			);
			defaultConfigurationIsVisible = 0;
			defaultConfigurationName = Release;
		};
/* End XCConfigurationList section */
	};
	rootObject = 7B45067C1B914C5E005FAC3C /* Project object */;
}
